
Microsoft Visual Studio Solution File, Format Version 12.00
# Visual Studio Version 17
VisualStudioVersion = 17.0.31903.59
MinimumVisualStudioVersion = 10.0.40219.1
Project("{FAE04EC0-301F-11D3-BF4B-00C04F79EFBC}") = "Domain", "Domain\Domain.csproj", "{9DCCDE60-BAB0-4D2B-A5D8-9D24D1F01310}"
EndProject
Project("{FAE04EC0-301F-11D3-BF4B-00C04F79EFBC}") = "Core", "Core\Core.csproj", "{6A1F2449-E90B-4C65-9E22-48298CEC2E0C}"
EndProject
Project("{FAE04EC0-301F-11D3-BF4B-00C04F79EFBC}") = "Infra", "Infra\Infra.csproj", "{84A687A0-5E8B-40EC-BFB7-B7BA530C9704}"
EndProject
Project("{FAE04EC0-301F-11D3-BF4B-00C04F79EFBC}") = "API", "API\API.csproj", "{7144334A-F1C2-4846-AABD-7BA44F478DD2}"
EndProject
Global
	GlobalSection(SolutionConfigurationPlatforms) = preSolution
		Debug|Any CPU = Debug|Any CPU
		Release|Any CPU = Release|Any CPU
	EndGlobalSection
	GlobalSection(SolutionProperties) = preSolution
		HideSolutionNode = FALSE
	EndGlobalSection
	GlobalSection(ProjectConfigurationPlatforms) = postSolution
		{9DCCDE60-BAB0-4D2B-A5D8-9D24D1F01310}.Debug|Any CPU.ActiveCfg = Debug|Any CPU
		{9DCCDE60-BAB0-4D2B-A5D8-9D24D1F01310}.Debug|Any CPU.Build.0 = Debug|Any CPU
		{9DCCDE60-BAB0-4D2B-A5D8-9D24D1F01310}.Release|Any CPU.ActiveCfg = Release|Any CPU
		{9DCCDE60-BAB0-4D2B-A5D8-9D24D1F01310}.Release|Any CPU.Build.0 = Release|Any CPU
		{84A687A0-5E8B-40EC-BFB7-B7BA530C9704}.Debug|Any CPU.ActiveCfg = Debug|Any CPU
		{84A687A0-5E8B-40EC-BFB7-B7BA530C9704}.Debug|Any CPU.Build.0 = Debug|Any CPU
		{84A687A0-5E8B-40EC-BFB7-B7BA530C9704}.Release|Any CPU.ActiveCfg = Release|Any CPU
		{84A687A0-5E8B-40EC-BFB7-B7BA530C9704}.Release|Any CPU.Build.0 = Release|Any CPU
		{6A1F2449-E90B-4C65-9E22-48298CEC2E0C}.Debug|Any CPU.ActiveCfg = Debug|Any CPU
		{6A1F2449-E90B-4C65-9E22-48298CEC2E0C}.Debug|Any CPU.Build.0 = Debug|Any CPU
		{6A1F2449-E90B-4C65-9E22-48298CEC2E0C}.Release|Any CPU.ActiveCfg = Release|Any CPU
		{6A1F2449-E90B-4C65-9E22-48298CEC2E0C}.Release|Any CPU.Build.0 = Release|Any CPU
		{7144334A-F1C2-4846-AABD-7BA44F478DD2}.Debug|Any CPU.ActiveCfg = Debug|Any CPU
		{7144334A-F1C2-4846-AABD-7BA44F478DD2}.Debug|Any CPU.Build.0 = Debug|Any CPU
		{7144334A-F1C2-4846-AABD-7BA44F478DD2}.Release|Any CPU.ActiveCfg = Release|Any CPU
		{7144334A-F1C2-4846-AABD-7BA44F478DD2}.Release|Any CPU.Build.0 = Release|Any CPU
	EndGlobalSection
EndGlobal
